{
  "name": "amazon-ion-moonbit-roundtrip-lab",
  "lockfileVersion": 3,
  "requires": true,
  "packages": {
    "": {
      "name": "amazon-ion-moonbit-roundtrip-lab",
      "devDependencies": {
        "ion-js": "5.2.1"
      }
    },
    "node_modules/ion-js": {
      "version": "5.2.1",
      "resolved": "https://registry.npmjs.org/ion-js/-/ion-js-5.2.1.tgz",
      "integrity": "sha512-RCnzPOQYTVNaICAw41HXBY6T2sv8EGpBfAb3eE0NJf/UY8xTlyWQ4NNlkVeBTezrXYWvEeXku9aHl8+mXjeQEA==",
      "dev": true,
      "license": "Apache-2.0"
    }
  }
}
